// !$*UTF8*$!
{
	archiveVersion = 1;
	classes = {
	};
	objectVersion = 46;
	objects = {

/* Begin PBXBuildFile section */
		9BE227FA1AFE01DD00B5BC3E /* Door.cpp in Sources */ = {isa = PBXBuildFile; fileRef = 9BE227D91AFE01DD00B5BC3E /* Door.cpp */; };
		9BE227FB1AFE01DD00B5BC3E /* Effect.cpp in Sources */ = {isa = PBXBuildFile; fileRef = 9BE227DB1AFE01DD00B5BC3E /* Effect.cpp */; };
		9BE227FC1AFE01DD00B5BC3E /* Enemy.cpp in Sources */ = {isa = PBXBuildFile; fileRef = 9BE227DD1AFE01DD00B5BC3E /* Enemy.cpp */; };
		9BE227FD1AFE01DD00B5BC3E /* EnemyMage.cpp in Sources */ = {isa = PBXBuildFile; fileRef = 9BE227DF1AFE01DD00B5BC3E /* EnemyMage.cpp */; };
		9BE227FE1AFE01DD00B5BC3E /* EnemyReaper.cpp in Sources */ = {isa = PBXBuildFile; fileRef = 9BE227E11AFE01DD00B5BC3E /* EnemyReaper.cpp */; };
		9BE227FF1AFE01DD00B5BC3E /* Entity.cpp in Sources */ = {isa = PBXBuildFile; fileRef = 9BE227E31AFE01DD00B5BC3E /* Entity.cpp */; };
		9BE228001AFE01DD00B5BC3E /* FirstBoss.cpp in Sources */ = {isa = PBXBuildFile; fileRef = 9BE227E51AFE01DD00B5BC3E /* FirstBoss.cpp */; };
		9BE228011AFE01DD00B5BC3E /* Game.cpp in Sources */ = {isa = PBXBuildFile; fileRef = 9BE227E71AFE01DD00B5BC3E /* Game.cpp */; };
		9BE228021AFE01DD00B5BC3E /* Hero.cpp in Sources */ = {isa = PBXBuildFile; fileRef = 9BE227E91AFE01DD00B5BC3E /* Hero.cpp */; };
		9BE228031AFE01DD00B5BC3E /* Levels.cpp in Sources */ = {isa = PBXBuildFile; fileRef = 9BE227EB1AFE01DD00B5BC3E /* Levels.cpp */; };
		9BE228041AFE01DD00B5BC3E /* main.cpp in Sources */ = {isa = PBXBuildFile; fileRef = 9BE227ED1AFE01DD00B5BC3E /* main.cpp */; };
		9BE228051AFE01DD00B5BC3E /* Physics.cpp in Sources */ = {isa = PBXBuildFile; fileRef = 9BE227EE1AFE01DD00B5BC3E /* Physics.cpp */; };
		9BE228061AFE01DD00B5BC3E /* Platform.cpp in Sources */ = {isa = PBXBuildFile; fileRef = 9BE227F01AFE01DD00B5BC3E /* Platform.cpp */; };
		9BE228071AFE01DD00B5BC3E /* Powerup.cpp in Sources */ = {isa = PBXBuildFile; fileRef = 9BE227F21AFE01DD00B5BC3E /* Powerup.cpp */; };
		9BE228081AFE01DD00B5BC3E /* Projectile.cpp in Sources */ = {isa = PBXBuildFile; fileRef = 9BE227F41AFE01DD00B5BC3E /* Projectile.cpp */; };
		9BE228091AFE01DD00B5BC3E /* Spear.cpp in Sources */ = {isa = PBXBuildFile; fileRef = 9BE227F61AFE01DD00B5BC3E /* Spear.cpp */; };
		9BE2280A1AFE01DD00B5BC3E /* Weapons.cpp in Sources */ = {isa = PBXBuildFile; fileRef = 9BE227F81AFE01DD00B5BC3E /* Weapons.cpp */; };
/* End PBXBuildFile section */

/* Begin PBXFileReference section */
		1054A10A1A908304000FB7D6 /* xcodeproject */ = {isa = PBXFileReference; explicitFileType = "compiled.mach-o.executable"; includeInIndex = 0; path = xcodeproject; sourceTree = BUILT_PRODUCTS_DIR; };
		9BE227D81AFE01DD00B5BC3E /* Constants.h */ = {isa = PBXFileReference; fileEncoding = 4; lastKnownFileType = sourcecode.c.h; path = Constants.h; sourceTree = "<group>"; };
		9BE227D91AFE01DD00B5BC3E /* Door.cpp */ = {isa = PBXFileReference; fileEncoding = 4; lastKnownFileType = sourcecode.cpp.cpp; path = Door.cpp; sourceTree = "<group>"; };
		9BE227DA1AFE01DD00B5BC3E /* Door.h */ = {isa = PBXFileReference; fileEncoding = 4; lastKnownFileType = sourcecode.c.h; path = Door.h; sourceTree = "<group>"; };
		9BE227DB1AFE01DD00B5BC3E /* Effect.cpp */ = {isa = PBXFileReference; fileEncoding = 4; lastKnownFileType = sourcecode.cpp.cpp; path = Effect.cpp; sourceTree = "<group>"; };
		9BE227DC1AFE01DD00B5BC3E /* Effect.h */ = {isa = PBXFileReference; fileEncoding = 4; lastKnownFileType = sourcecode.c.h; path = Effect.h; sourceTree = "<group>"; };
		9BE227DD1AFE01DD00B5BC3E /* Enemy.cpp */ = {isa = PBXFileReference; fileEncoding = 4; lastKnownFileType = sourcecode.cpp.cpp; path = Enemy.cpp; sourceTree = "<group>"; };
		9BE227DE1AFE01DD00B5BC3E /* Enemy.h */ = {isa = PBXFileReference; fileEncoding = 4; lastKnownFileType = sourcecode.c.h; path = Enemy.h; sourceTree = "<group>"; };
		9BE227DF1AFE01DD00B5BC3E /* EnemyMage.cpp */ = {isa = PBXFileReference; fileEncoding = 4; lastKnownFileType = sourcecode.cpp.cpp; path = EnemyMage.cpp; sourceTree = "<group>"; };
		9BE227E01AFE01DD00B5BC3E /* EnemyMage.h */ = {isa = PBXFileReference; fileEncoding = 4; lastKnownFileType = sourcecode.c.h; path = EnemyMage.h; sourceTree = "<group>"; };
		9BE227E11AFE01DD00B5BC3E /* EnemyReaper.cpp */ = {isa = PBXFileReference; fileEncoding = 4; lastKnownFileType = sourcecode.cpp.cpp; path = EnemyReaper.cpp; sourceTree = "<group>"; };
		9BE227E21AFE01DD00B5BC3E /* EnemyReaper.h */ = {isa = PBXFileReference; fileEncoding = 4; lastKnownFileType = sourcecode.c.h; path = EnemyReaper.h; sourceTree = "<group>"; };
		9BE227E31AFE01DD00B5BC3E /* Entity.cpp */ = {isa = PBXFileReference; fileEncoding = 4; lastKnownFileType = sourcecode.cpp.cpp; path = Entity.cpp; sourceTree = "<group>"; };
		9BE227E41AFE01DD00B5BC3E /* Entity.h */ = {isa = PBXFileReference; fileEncoding = 4; lastKnownFileType = sourcecode.c.h; path = Entity.h; sourceTree = "<group>"; };
		9BE227E51AFE01DD00B5BC3E /* FirstBoss.cpp */ = {isa = PBXFileReference; fileEncoding = 4; lastKnownFileType = sourcecode.cpp.cpp; path = FirstBoss.cpp; sourceTree = "<group>"; };
		9BE227E61AFE01DD00B5BC3E /* FirstBoss.h */ = {isa = PBXFileReference; fileEncoding = 4; lastKnownFileType = sourcecode.c.h; path = FirstBoss.h; sourceTree = "<group>"; };
		9BE227E71AFE01DD00B5BC3E /* Game.cpp */ = {isa = PBXFileReference; fileEncoding = 4; lastKnownFileType = sourcecode.cpp.cpp; path = Game.cpp; sourceTree = "<group>"; };
		9BE227E81AFE01DD00B5BC3E /* Game.h */ = {isa = PBXFileReference; fileEncoding = 4; lastKnownFileType = sourcecode.c.h; path = Game.h; sourceTree = "<group>"; };
		9BE227E91AFE01DD00B5BC3E /* Hero.cpp */ = {isa = PBXFileReference; fileEncoding = 4; lastKnownFileType = sourcecode.cpp.cpp; path = Hero.cpp; sourceTree = "<group>"; };
		9BE227EA1AFE01DD00B5BC3E /* Hero.h */ = {isa = PBXFileReference; fileEncoding = 4; lastKnownFileType = sourcecode.c.h; path = Hero.h; sourceTree = "<group>"; };
		9BE227EB1AFE01DD00B5BC3E /* Levels.cpp */ = {isa = PBXFileReference; fileEncoding = 4; lastKnownFileType = sourcecode.cpp.cpp; path = Levels.cpp; sourceTree = "<group>"; };
		9BE227EC1AFE01DD00B5BC3E /* Levels.h */ = {isa = PBXFileReference; fileEncoding = 4; lastKnownFileType = sourcecode.c.h; path = Levels.h; sourceTree = "<group>"; };
		9BE227ED1AFE01DD00B5BC3E /* main.cpp */ = {isa = PBXFileReference; fileEncoding = 4; lastKnownFileType = sourcecode.cpp.cpp; path = main.cpp; sourceTree = "<group>"; };
		9BE227EE1AFE01DD00B5BC3E /* Physics.cpp */ = {isa = PBXFileReference; fileEncoding = 4; lastKnownFileType = sourcecode.cpp.cpp; path = Physics.cpp; sourceTree = "<group>"; };
		9BE227EF1AFE01DD00B5BC3E /* Physics.h */ = {isa = PBXFileReference; fileEncoding = 4; lastKnownFileType = sourcecode.c.h; path = Physics.h; sourceTree = "<group>"; };
		9BE227F01AFE01DD00B5BC3E /* Platform.cpp */ = {isa = PBXFileReference; fileEncoding = 4; lastKnownFileType = sourcecode.cpp.cpp; path = Platform.cpp; sourceTree = "<group>"; };
		9BE227F11AFE01DD00B5BC3E /* Platform.h */ = {isa = PBXFileReference; fileEncoding = 4; lastKnownFileType = sourcecode.c.h; path = Platform.h; sourceTree = "<group>"; };
		9BE227F21AFE01DD00B5BC3E /* Powerup.cpp */ = {isa = PBXFileReference; fileEncoding = 4; lastKnownFileType = sourcecode.cpp.cpp; path = Powerup.cpp; sourceTree = "<group>"; };
		9BE227F31AFE01DD00B5BC3E /* Powerup.h */ = {isa = PBXFileReference; fileEncoding = 4; lastKnownFileType = sourcecode.c.h; path = Powerup.h; sourceTree = "<group>"; };
		9BE227F41AFE01DD00B5BC3E /* Projectile.cpp */ = {isa = PBXFileReference; fileEncoding = 4; lastKnownFileType = sourcecode.cpp.cpp; path = Projectile.cpp; sourceTree = "<group>"; };
		9BE227F51AFE01DD00B5BC3E /* Projectile.h */ = {isa = PBXFileReference; fileEncoding = 4; lastKnownFileType = sourcecode.c.h; path = Projectile.h; sourceTree = "<group>"; };
		9BE227F61AFE01DD00B5BC3E /* Spear.cpp */ = {isa = PBXFileReference; fileEncoding = 4; lastKnownFileType = sourcecode.cpp.cpp; path = Spear.cpp; sourceTree = "<group>"; };
		9BE227F71AFE01DD00B5BC3E /* Spear.h */ = {isa = PBXFileReference; fileEncoding = 4; lastKnownFileType = sourcecode.c.h; path = Spear.h; sourceTree = "<group>"; };
		9BE227F81AFE01DD00B5BC3E /* Weapons.cpp */ = {isa = PBXFileReference; fileEncoding = 4; lastKnownFileType = sourcecode.cpp.cpp; path = Weapons.cpp; sourceTree = "<group>"; };
		9BE227F91AFE01DD00B5BC3E /* Weapons.h */ = {isa = PBXFileReference; fileEncoding = 4; lastKnownFileType = sourcecode.c.h; path = Weapons.h; sourceTree = "<group>"; };
/* End PBXFileReference section */

/* Begin PBXFrameworksBuildPhase section */
		1054A1081A908304000FB7D6 /* Frameworks */ = {
			isa = PBXFrameworksBuildPhase;
			buildActionMask = 2147483647;
			files = (
			);
			runOnlyForDeploymentPostprocessing = 0;
		};
/* End PBXFrameworksBuildPhase section */

/* Begin PBXGroup section */
		1054A1021A908304000FB7D6 = {
			isa = PBXGroup;
			children = (
				9BE227D81AFE01DD00B5BC3E /* Constants.h */,
				9BE227D91AFE01DD00B5BC3E /* Door.cpp */,
				9BE227DA1AFE01DD00B5BC3E /* Door.h */,
				9BE227DB1AFE01DD00B5BC3E /* Effect.cpp */,
				9BE227DC1AFE01DD00B5BC3E /* Effect.h */,
				9BE227DD1AFE01DD00B5BC3E /* Enemy.cpp */,
				9BE227DE1AFE01DD00B5BC3E /* Enemy.h */,
				9BE227DF1AFE01DD00B5BC3E /* EnemyMage.cpp */,
				9BE227E01AFE01DD00B5BC3E /* EnemyMage.h */,
				9BE227E11AFE01DD00B5BC3E /* EnemyReaper.cpp */,
				9BE227E21AFE01DD00B5BC3E /* EnemyReaper.h */,
				9BE227E31AFE01DD00B5BC3E /* Entity.cpp */,
				9BE227E41AFE01DD00B5BC3E /* Entity.h */,
				9BE227E51AFE01DD00B5BC3E /* FirstBoss.cpp */,
				9BE227E61AFE01DD00B5BC3E /* FirstBoss.h */,
				9BE227E71AFE01DD00B5BC3E /* Game.cpp */,
				9BE227E81AFE01DD00B5BC3E /* Game.h */,
				9BE227E91AFE01DD00B5BC3E /* Hero.cpp */,
				9BE227EA1AFE01DD00B5BC3E /* Hero.h */,
				9BE227EB1AFE01DD00B5BC3E /* Levels.cpp */,
				9BE227EC1AFE01DD00B5BC3E /* Levels.h */,
				9BE227ED1AFE01DD00B5BC3E /* main.cpp */,
				9BE227EE1AFE01DD00B5BC3E /* Physics.cpp */,
				9BE227EF1AFE01DD00B5BC3E /* Physics.h */,
				9BE227F01AFE01DD00B5BC3E /* Platform.cpp */,
				9BE227F11AFE01DD00B5BC3E /* Platform.h */,
				9BE227F21AFE01DD00B5BC3E /* Powerup.cpp */,
				9BE227F31AFE01DD00B5BC3E /* Powerup.h */,
				9BE227F41AFE01DD00B5BC3E /* Projectile.cpp */,
				9BE227F51AFE01DD00B5BC3E /* Projectile.h */,
				9BE227F61AFE01DD00B5BC3E /* Spear.cpp */,
				9BE227F71AFE01DD00B5BC3E /* Spear.h */,
				9BE227F81AFE01DD00B5BC3E /* Weapons.cpp */,
				9BE227F91AFE01DD00B5BC3E /* Weapons.h */,
				1054A10C1A908304000FB7D6 /* xcodeproject */,
				1054A10B1A908304000FB7D6 /* Products */,
			);
			sourceTree = "<group>";
		};
		1054A10B1A908304000FB7D6 /* Products */ = {
			isa = PBXGroup;
			children = (
				1054A10A1A908304000FB7D6 /* xcodeproject */,
			);
			name = Products;
			sourceTree = "<group>";
		};
		1054A10C1A908304000FB7D6 /* xcodeproject */ = {
			isa = PBXGroup;
			children = (
			);
			path = xcodeproject;
			sourceTree = "<group>";
		};
/* End PBXGroup section */

/* Begin PBXNativeTarget section */
		1054A1091A908304000FB7D6 /* xcodeproject */ = {
			isa = PBXNativeTarget;
			buildConfigurationList = 1054A1161A908304000FB7D6 /* Build configuration list for PBXNativeTarget "xcodeproject" */;
			buildPhases = (
				1054A1071A908304000FB7D6 /* Sources */,
				1054A1081A908304000FB7D6 /* Frameworks */,
			);
			buildRules = (
			);
			dependencies = (
			);
			name = xcodeproject;
			productName = xcodeproject;
			productReference = 1054A10A1A908304000FB7D6 /* xcodeproject */;
			productType = "com.apple.product-type.tool";
		};
/* End PBXNativeTarget section */

/* Begin PBXProject section */
		1054A1031A908304000FB7D6 /* Project object */ = {
			isa = PBXProject;
			attributes = {
				LastUpgradeCheck = 0510;
				ORGANIZATIONNAME = "Developers' Guild";
			};
			buildConfigurationList = 1054A1061A908304000FB7D6 /* Build configuration list for PBXProject "xcodeproject" */;
			compatibilityVersion = "Xcode 3.2";
			developmentRegion = English;
			hasScannedForEncodings = 0;
			knownRegions = (
				en,
			);
			mainGroup = 1054A1021A908304000FB7D6;
			productRefGroup = 1054A10B1A908304000FB7D6 /* Products */;
			projectDirPath = "";
			projectRoot = "";
			targets = (
				1054A1091A908304000FB7D6 /* xcodeproject */,
			);
		};
/* End PBXProject section */

/* Begin PBXSourcesBuildPhase section */
		1054A1071A908304000FB7D6 /* Sources */ = {
			isa = PBXSourcesBuildPhase;
			buildActionMask = 2147483647;
			files = (
				9BE228021AFE01DD00B5BC3E /* Hero.cpp in Sources */,
				9BE227FE1AFE01DD00B5BC3E /* EnemyReaper.cpp in Sources */,
				9BE2280A1AFE01DD00B5BC3E /* Weapons.cpp in Sources */,
				9BE228081AFE01DD00B5BC3E /* Projectile.cpp in Sources */,
				9BE227FC1AFE01DD00B5BC3E /* Enemy.cpp in Sources */,
				9BE228061AFE01DD00B5BC3E /* Platform.cpp in Sources */,
				9BE228091AFE01DD00B5BC3E /* Spear.cpp in Sources */,
				9BE228051AFE01DD00B5BC3E /* Physics.cpp in Sources */,
				9BE228001AFE01DD00B5BC3E /* FirstBoss.cpp in Sources */,
				9BE228041AFE01DD00B5BC3E /* main.cpp in Sources */,
				9BE228031AFE01DD00B5BC3E /* Levels.cpp in Sources */,
				9BE228011AFE01DD00B5BC3E /* Game.cpp in Sources */,
				9BE227FB1AFE01DD00B5BC3E /* Effect.cpp in Sources */,
				9BE228071AFE01DD00B5BC3E /* Powerup.cpp in Sources */,
				9BE227FD1AFE01DD00B5BC3E /* EnemyMage.cpp in Sources */,
				9BE227FF1AFE01DD00B5BC3E /* Entity.cpp in Sources */,
				9BE227FA1AFE01DD00B5BC3E /* Door.cpp in Sources */,
			);
			runOnlyForDeploymentPostprocessing = 0;
		};
/* End PBXSourcesBuildPhase section */

/* Begin XCBuildConfiguration section */
		1054A1141A908304000FB7D6 /* Debug */ = {
			isa = XCBuildConfiguration;
			buildSettings = {
				ARCHS = (
					i386,
					x86_64,
				);
				CLANG_CXX_LANGUAGE_STANDARD = "c++0x";
				CLANG_CXX_LIBRARY = "libc++";
				FRAMEWORK_SEARCH_PATHS = (
					/Library/Frameworks/,
					"$(inherited)",
				);
				GCC_VERSION = com.apple.compilers.llvm.clang.1_0;
				HEADER_SEARCH_PATHS = (
					/usr/local/include/,
					"$(inherited)",
				);
				LIBRARY_SEARCH_PATHS = (
					/usr/local/lib/,
					"$(inherited)",
				);
				MACOSX_DEPLOYMENT_TARGET = 10.7;
				OTHER_LDFLAGS = (
					"$(inherited)",
					"$(SFML_SYSTEM)",
					"$(SFML_WINDOW)",
					"$(SFML_GRAPHICS)",
					"$(SFML_AUDIO)",
					"$(SFML_NETWORK)",
				);
				SFML_AUDIO = "$(SFML_LINK_PREFIX) sfml-audio$(SFML_LINK_SUFFIX)";
				SFML_BINARY_TYPE = FRAMEWORKS;
				SFML_GRAPHICS = "$(SFML_LINK_PREFIX) sfml-graphics$(SFML_LINK_SUFFIX)";
				SFML_LINK_DYLIBS_PREFIX = "-l";
				SFML_LINK_DYLIBS_SUFFIX = "";
				SFML_LINK_FRAMEWORKS_PREFIX = "-framework";
				SFML_LINK_FRAMEWORKS_SUFFIX = "";
				SFML_LINK_PREFIX = "$(SFML_LINK_$(SFML_BINARY_TYPE)_PREFIX)";
				SFML_LINK_SUFFIX = "$(SFML_LINK_$(SFML_BINARY_TYPE)_SUFFIX)";
				SFML_NETWORK = "";
				SFML_SYSTEM = "$(SFML_LINK_PREFIX) sfml-system$(SFML_LINK_SUFFIX)";
				SFML_WINDOW = "$(SFML_LINK_PREFIX) sfml-window$(SFML_LINK_SUFFIX)";
				SUPPORTED_PLATFORMS = macosx;
			};
			name = Debug;
		};
		1054A1151A908304000FB7D6 /* Release */ = {
			isa = XCBuildConfiguration;
			buildSettings = {
				ARCHS = (
					i386,
					x86_64,
				);
				CLANG_CXX_LANGUAGE_STANDARD = "c++0x";
				CLANG_CXX_LIBRARY = "libc++";
				FRAMEWORK_SEARCH_PATHS = (
					/Library/Frameworks/,
					"$(inherited)",
				);
				GCC_VERSION = com.apple.compilers.llvm.clang.1_0;
				HEADER_SEARCH_PATHS = (
					/usr/local/include/,
					"$(inherited)",
				);
				LIBRARY_SEARCH_PATHS = (
					/usr/local/lib/,
					"$(inherited)",
				);
				MACOSX_DEPLOYMENT_TARGET = 10.7;
				OTHER_LDFLAGS = (
					"$(inherited)",
					"$(SFML_SYSTEM)",
					"$(SFML_WINDOW)",
					"$(SFML_GRAPHICS)",
					"$(SFML_AUDIO)",
					"$(SFML_NETWORK)",
				);
				SFML_AUDIO = "$(SFML_LINK_PREFIX) sfml-audio$(SFML_LINK_SUFFIX)";
				SFML_BINARY_TYPE = FRAMEWORKS;
				SFML_GRAPHICS = "$(SFML_LINK_PREFIX) sfml-graphics$(SFML_LINK_SUFFIX)";
				SFML_LINK_DYLIBS_PREFIX = "-l";
				SFML_LINK_DYLIBS_SUFFIX = "";
				SFML_LINK_FRAMEWORKS_PREFIX = "-framework";
				SFML_LINK_FRAMEWORKS_SUFFIX = "";
				SFML_LINK_PREFIX = "$(SFML_LINK_$(SFML_BINARY_TYPE)_PREFIX)";
				SFML_LINK_SUFFIX = "$(SFML_LINK_$(SFML_BINARY_TYPE)_SUFFIX)";
				SFML_NETWORK = "";
				SFML_SYSTEM = "$(SFML_LINK_PREFIX) sfml-system$(SFML_LINK_SUFFIX)";
				SFML_WINDOW = "$(SFML_LINK_PREFIX) sfml-window$(SFML_LINK_SUFFIX)";
				SUPPORTED_PLATFORMS = macosx;
			};
			name = Release;
		};
		1054A1171A908304000FB7D6 /* Debug */ = {
			isa = XCBuildConfiguration;
			buildSettings = {
				PRODUCT_NAME = "$(TARGET_NAME)";
			};
			name = Debug;
		};
		1054A1181A908304000FB7D6 /* Release */ = {
			isa = XCBuildConfiguration;
			buildSettings = {
				PRODUCT_NAME = "$(TARGET_NAME)";
			};
			name = Release;
		};
/* End XCBuildConfiguration section */

/* Begin XCConfigurationList section */
		1054A1061A908304000FB7D6 /* Build configuration list for PBXProject "xcodeproject" */ = {
			isa = XCConfigurationList;
			buildConfigurations = (
				1054A1141A908304000FB7D6 /* Debug */,
				1054A1151A908304000FB7D6 /* Release */,
			);
			defaultConfigurationIsVisible = 0;
			defaultConfigurationName = Release;
		};
		1054A1161A908304000FB7D6 /* Build configuration list for PBXNativeTarget "xcodeproject" */ = {
			isa = XCConfigurationList;
			buildConfigurations = (
				1054A1171A908304000FB7D6 /* Debug */,
				1054A1181A908304000FB7D6 /* Release */,
			);
			defaultConfigurationIsVisible = 0;
			defaultConfigurationName = Release;
		};
/* End XCConfigurationList section */
	};
	rootObject = 1054A1031A908304000FB7D6 /* Project object */;
}
