// !$*UTF8*$!
{
	archiveVersion = 1;
	classes = {
	};
	objectVersion = 46;
	objects = {

/* Begin PBXBuildFile section */
		1054A12F1A908327000FB7D6 /* Enemies.cpp in Sources */ = {isa = PBXBuildFile; fileRef = 1054A11A1A908327000FB7D6 /* Enemies.cpp */; };
		1054A1301A908327000FB7D6 /* Enemy1.cpp in Sources */ = {isa = PBXBuildFile; fileRef = 1054A11C1A908327000FB7D6 /* Enemy1.cpp */; };
		1054A1311A908327000FB7D6 /* Enemy2.cpp in Sources */ = {isa = PBXBuildFile; fileRef = 1054A11E1A908327000FB7D6 /* Enemy2.cpp */; };
		1054A1321A908327000FB7D6 /* Entity.cpp in Sources */ = {isa = PBXBuildFile; fileRef = 1054A1201A908327000FB7D6 /* Entity.cpp */; };
		1054A1331A908327000FB7D6 /* Game.cpp in Sources */ = {isa = PBXBuildFile; fileRef = 1054A1221A908327000FB7D6 /* Game.cpp */; };
		1054A1341A908327000FB7D6 /* Hero.cpp in Sources */ = {isa = PBXBuildFile; fileRef = 1054A1241A908327000FB7D6 /* Hero.cpp */; };
		1054A1351A908327000FB7D6 /* Levels.cpp in Sources */ = {isa = PBXBuildFile; fileRef = 1054A1261A908327000FB7D6 /* Levels.cpp */; };
		1054A1361A908327000FB7D6 /* main.cpp in Sources */ = {isa = PBXBuildFile; fileRef = 1054A1281A908327000FB7D6 /* main.cpp */; };
		1054A1371A908327000FB7D6 /* Physics.cpp in Sources */ = {isa = PBXBuildFile; fileRef = 1054A1291A908327000FB7D6 /* Physics.cpp */; };
		1054A1381A908327000FB7D6 /* Platform.cpp in Sources */ = {isa = PBXBuildFile; fileRef = 1054A12B1A908327000FB7D6 /* Platform.cpp */; };
		1054A1391A908327000FB7D6 /* Weapons.cpp in Sources */ = {isa = PBXBuildFile; fileRef = 1054A12D1A908327000FB7D6 /* Weapons.cpp */; };
/* End PBXBuildFile section */

/* Begin PBXFileReference section */
		1054A10A1A908304000FB7D6 /* xcodeproject */ = {isa = PBXFileReference; explicitFileType = "compiled.mach-o.executable"; includeInIndex = 0; path = xcodeproject; sourceTree = BUILT_PRODUCTS_DIR; };
		1054A1191A908327000FB7D6 /* Constants.h */ = {isa = PBXFileReference; fileEncoding = 4; lastKnownFileType = sourcecode.c.h; name = Constants.h; path = ../../src/Constants.h; sourceTree = "<group>"; };
		1054A11A1A908327000FB7D6 /* Enemies.cpp */ = {isa = PBXFileReference; fileEncoding = 4; lastKnownFileType = sourcecode.cpp.cpp; name = Enemies.cpp; path = ../../src/Enemies.cpp; sourceTree = "<group>"; };
		1054A11B1A908327000FB7D6 /* Enemies.h */ = {isa = PBXFileReference; fileEncoding = 4; lastKnownFileType = sourcecode.c.h; name = Enemies.h; path = ../../src/Enemies.h; sourceTree = "<group>"; };
		1054A11C1A908327000FB7D6 /* Enemy1.cpp */ = {isa = PBXFileReference; fileEncoding = 4; lastKnownFileType = sourcecode.cpp.cpp; name = Enemy1.cpp; path = ../../src/Enemy1.cpp; sourceTree = "<group>"; };
		1054A11D1A908327000FB7D6 /* Enemy1.h */ = {isa = PBXFileReference; fileEncoding = 4; lastKnownFileType = sourcecode.c.h; name = Enemy1.h; path = ../../src/Enemy1.h; sourceTree = "<group>"; };
		1054A11E1A908327000FB7D6 /* Enemy2.cpp */ = {isa = PBXFileReference; fileEncoding = 4; lastKnownFileType = sourcecode.cpp.cpp; name = Enemy2.cpp; path = ../../src/Enemy2.cpp; sourceTree = "<group>"; };
		1054A11F1A908327000FB7D6 /* Enemy2.h */ = {isa = PBXFileReference; fileEncoding = 4; lastKnownFileType = sourcecode.c.h; name = Enemy2.h; path = ../../src/Enemy2.h; sourceTree = "<group>"; };
		1054A1201A908327000FB7D6 /* Entity.cpp */ = {isa = PBXFileReference; fileEncoding = 4; lastKnownFileType = sourcecode.cpp.cpp; name = Entity.cpp; path = ../../src/Entity.cpp; sourceTree = "<group>"; };
		1054A1211A908327000FB7D6 /* Entity.h */ = {isa = PBXFileReference; fileEncoding = 4; lastKnownFileType = sourcecode.c.h; name = Entity.h; path = ../../src/Entity.h; sourceTree = "<group>"; };
		1054A1221A908327000FB7D6 /* Game.cpp */ = {isa = PBXFileReference; fileEncoding = 4; lastKnownFileType = sourcecode.cpp.cpp; name = Game.cpp; path = ../../src/Game.cpp; sourceTree = "<group>"; };
		1054A1231A908327000FB7D6 /* Game.h */ = {isa = PBXFileReference; fileEncoding = 4; lastKnownFileType = sourcecode.c.h; name = Game.h; path = ../../src/Game.h; sourceTree = "<group>"; };
		1054A1241A908327000FB7D6 /* Hero.cpp */ = {isa = PBXFileReference; fileEncoding = 4; lastKnownFileType = sourcecode.cpp.cpp; name = Hero.cpp; path = ../../src/Hero.cpp; sourceTree = "<group>"; };
		1054A1251A908327000FB7D6 /* Hero.h */ = {isa = PBXFileReference; fileEncoding = 4; lastKnownFileType = sourcecode.c.h; name = Hero.h; path = ../../src/Hero.h; sourceTree = "<group>"; };
		1054A1261A908327000FB7D6 /* Levels.cpp */ = {isa = PBXFileReference; fileEncoding = 4; lastKnownFileType = sourcecode.cpp.cpp; name = Levels.cpp; path = ../../src/Levels.cpp; sourceTree = "<group>"; };
		1054A1271A908327000FB7D6 /* Levels.h */ = {isa = PBXFileReference; fileEncoding = 4; lastKnownFileType = sourcecode.c.h; name = Levels.h; path = ../../src/Levels.h; sourceTree = "<group>"; };
		1054A1281A908327000FB7D6 /* main.cpp */ = {isa = PBXFileReference; fileEncoding = 4; lastKnownFileType = sourcecode.cpp.cpp; name = main.cpp; path = ../../src/main.cpp; sourceTree = "<group>"; };
		1054A1291A908327000FB7D6 /* Physics.cpp */ = {isa = PBXFileReference; fileEncoding = 4; lastKnownFileType = sourcecode.cpp.cpp; name = Physics.cpp; path = ../../src/Physics.cpp; sourceTree = "<group>"; };
		1054A12A1A908327000FB7D6 /* Physics.h */ = {isa = PBXFileReference; fileEncoding = 4; lastKnownFileType = sourcecode.c.h; name = Physics.h; path = ../../src/Physics.h; sourceTree = "<group>"; };
		1054A12B1A908327000FB7D6 /* Platform.cpp */ = {isa = PBXFileReference; fileEncoding = 4; lastKnownFileType = sourcecode.cpp.cpp; name = Platform.cpp; path = ../../src/Platform.cpp; sourceTree = "<group>"; };
		1054A12C1A908327000FB7D6 /* Platform.h */ = {isa = PBXFileReference; fileEncoding = 4; lastKnownFileType = sourcecode.c.h; name = Platform.h; path = ../../src/Platform.h; sourceTree = "<group>"; };
		1054A12D1A908327000FB7D6 /* Weapons.cpp */ = {isa = PBXFileReference; fileEncoding = 4; lastKnownFileType = sourcecode.cpp.cpp; name = Weapons.cpp; path = ../../src/Weapons.cpp; sourceTree = "<group>"; };
		1054A12E1A908327000FB7D6 /* Weapons.h */ = {isa = PBXFileReference; fileEncoding = 4; lastKnownFileType = sourcecode.c.h; name = Weapons.h; path = ../../src/Weapons.h; sourceTree = "<group>"; };
/* End PBXFileReference section */

/* Begin PBXFrameworksBuildPhase section */
		1054A1081A908304000FB7D6 /* Frameworks */ = {
			isa = PBXFrameworksBuildPhase;
			buildActionMask = 2147483647;
			files = (
			);
			runOnlyForDeploymentPostprocessing = 0;
		};
/* End PBXFrameworksBuildPhase section */

/* Begin PBXGroup section */
		1054A1021A908304000FB7D6 = {
			isa = PBXGroup;
			children = (
				1054A10C1A908304000FB7D6 /* xcodeproject */,
				1054A10B1A908304000FB7D6 /* Products */,
			);
			sourceTree = "<group>";
		};
		1054A10B1A908304000FB7D6 /* Products */ = {
			isa = PBXGroup;
			children = (
				1054A10A1A908304000FB7D6 /* xcodeproject */,
			);
			name = Products;
			sourceTree = "<group>";
		};
		1054A10C1A908304000FB7D6 /* xcodeproject */ = {
			isa = PBXGroup;
			children = (
				1054A1191A908327000FB7D6 /* Constants.h */,
				1054A11A1A908327000FB7D6 /* Enemies.cpp */,
				1054A11B1A908327000FB7D6 /* Enemies.h */,
				1054A11C1A908327000FB7D6 /* Enemy1.cpp */,
				1054A11D1A908327000FB7D6 /* Enemy1.h */,
				1054A11E1A908327000FB7D6 /* Enemy2.cpp */,
				1054A11F1A908327000FB7D6 /* Enemy2.h */,
				1054A1201A908327000FB7D6 /* Entity.cpp */,
				1054A1211A908327000FB7D6 /* Entity.h */,
				1054A1221A908327000FB7D6 /* Game.cpp */,
				1054A1231A908327000FB7D6 /* Game.h */,
				1054A1241A908327000FB7D6 /* Hero.cpp */,
				1054A1251A908327000FB7D6 /* Hero.h */,
				1054A1261A908327000FB7D6 /* Levels.cpp */,
				1054A1271A908327000FB7D6 /* Levels.h */,
				1054A1281A908327000FB7D6 /* main.cpp */,
				1054A1291A908327000FB7D6 /* Physics.cpp */,
				1054A12A1A908327000FB7D6 /* Physics.h */,
				1054A12B1A908327000FB7D6 /* Platform.cpp */,
				1054A12C1A908327000FB7D6 /* Platform.h */,
				1054A12D1A908327000FB7D6 /* Weapons.cpp */,
				1054A12E1A908327000FB7D6 /* Weapons.h */,
			);
			path = xcodeproject;
			sourceTree = "<group>";
		};
/* End PBXGroup section */

/* Begin PBXNativeTarget section */
		1054A1091A908304000FB7D6 /* xcodeproject */ = {
			isa = PBXNativeTarget;
			buildConfigurationList = 1054A1161A908304000FB7D6 /* Build configuration list for PBXNativeTarget "xcodeproject" */;
			buildPhases = (
				1054A1071A908304000FB7D6 /* Sources */,
				1054A1081A908304000FB7D6 /* Frameworks */,
			);
			buildRules = (
			);
			dependencies = (
			);
			name = xcodeproject;
			productName = xcodeproject;
			productReference = 1054A10A1A908304000FB7D6 /* xcodeproject */;
			productType = "com.apple.product-type.tool";
		};
/* End PBXNativeTarget section */

/* Begin PBXProject section */
		1054A1031A908304000FB7D6 /* Project object */ = {
			isa = PBXProject;
			attributes = {
				LastUpgradeCheck = 0510;
				ORGANIZATIONNAME = "Developers' Guild";
			};
			buildConfigurationList = 1054A1061A908304000FB7D6 /* Build configuration list for PBXProject "xcodeproject" */;
			compatibilityVersion = "Xcode 3.2";
			developmentRegion = English;
			hasScannedForEncodings = 0;
			knownRegions = (
				en,
			);
			mainGroup = 1054A1021A908304000FB7D6;
			productRefGroup = 1054A10B1A908304000FB7D6 /* Products */;
			projectDirPath = "";
			projectRoot = "";
			targets = (
				1054A1091A908304000FB7D6 /* xcodeproject */,
			);
		};
/* End PBXProject section */

/* Begin PBXSourcesBuildPhase section */
		1054A1071A908304000FB7D6 /* Sources */ = {
			isa = PBXSourcesBuildPhase;
			buildActionMask = 2147483647;
			files = (
				1054A1371A908327000FB7D6 /* Physics.cpp in Sources */,
				1054A1321A908327000FB7D6 /* Entity.cpp in Sources */,
				1054A1311A908327000FB7D6 /* Enemy2.cpp in Sources */,
				1054A1301A908327000FB7D6 /* Enemy1.cpp in Sources */,
				1054A1381A908327000FB7D6 /* Platform.cpp in Sources */,
				1054A1351A908327000FB7D6 /* Levels.cpp in Sources */,
				1054A1391A908327000FB7D6 /* Weapons.cpp in Sources */,
				1054A1341A908327000FB7D6 /* Hero.cpp in Sources */,
				1054A12F1A908327000FB7D6 /* Enemies.cpp in Sources */,
				1054A1361A908327000FB7D6 /* main.cpp in Sources */,
				1054A1331A908327000FB7D6 /* Game.cpp in Sources */,
			);
			runOnlyForDeploymentPostprocessing = 0;
		};
/* End PBXSourcesBuildPhase section */

/* Begin XCBuildConfiguration section */
		1054A1141A908304000FB7D6 /* Debug */ = {
			isa = XCBuildConfiguration;
			buildSettings = {
				ARCHS = (
					i386,
					x86_64,
				);
				CLANG_CXX_LANGUAGE_STANDARD = "c++0x";
				CLANG_CXX_LIBRARY = "libc++";
				FRAMEWORK_SEARCH_PATHS = (
					/Library/Frameworks/,
					"$(inherited)",
				);
				GCC_VERSION = com.apple.compilers.llvm.clang.1_0;
				HEADER_SEARCH_PATHS = (
					/usr/local/include/,
					"$(inherited)",
				);
				LIBRARY_SEARCH_PATHS = (
					/usr/local/lib/,
					"$(inherited)",
				);
				MACOSX_DEPLOYMENT_TARGET = 10.7;
				OTHER_LDFLAGS = (
					"$(inherited)",
					"$(SFML_SYSTEM)",
					"$(SFML_WINDOW)",
					"$(SFML_GRAPHICS)",
					"$(SFML_AUDIO)",
					"$(SFML_NETWORK)",
				);
				SFML_AUDIO = "$(SFML_LINK_PREFIX) sfml-audio$(SFML_LINK_SUFFIX)";
				SFML_BINARY_TYPE = FRAMEWORKS;
				SFML_GRAPHICS = "$(SFML_LINK_PREFIX) sfml-graphics$(SFML_LINK_SUFFIX)";
				SFML_LINK_DYLIBS_PREFIX = "-l";
				SFML_LINK_DYLIBS_SUFFIX = "";
				SFML_LINK_FRAMEWORKS_PREFIX = "-framework";
				SFML_LINK_FRAMEWORKS_SUFFIX = "";
				SFML_LINK_PREFIX = "$(SFML_LINK_$(SFML_BINARY_TYPE)_PREFIX)";
				SFML_LINK_SUFFIX = "$(SFML_LINK_$(SFML_BINARY_TYPE)_SUFFIX)";
				SFML_NETWORK = "";
				SFML_SYSTEM = "$(SFML_LINK_PREFIX) sfml-system$(SFML_LINK_SUFFIX)";
				SFML_WINDOW = "$(SFML_LINK_PREFIX) sfml-window$(SFML_LINK_SUFFIX)";
				SUPPORTED_PLATFORMS = macosx;
			};
			name = Debug;
		};
		1054A1151A908304000FB7D6 /* Release */ = {
			isa = XCBuildConfiguration;
			buildSettings = {
				ARCHS = (
					i386,
					x86_64,
				);
				CLANG_CXX_LANGUAGE_STANDARD = "c++0x";
				CLANG_CXX_LIBRARY = "libc++";
				FRAMEWORK_SEARCH_PATHS = (
					/Library/Frameworks/,
					"$(inherited)",
				);
				GCC_VERSION = com.apple.compilers.llvm.clang.1_0;
				HEADER_SEARCH_PATHS = (
					/usr/local/include/,
					"$(inherited)",
				);
				LIBRARY_SEARCH_PATHS = (
					/usr/local/lib/,
					"$(inherited)",
				);
				MACOSX_DEPLOYMENT_TARGET = 10.7;
				OTHER_LDFLAGS = (
					"$(inherited)",
					"$(SFML_SYSTEM)",
					"$(SFML_WINDOW)",
					"$(SFML_GRAPHICS)",
					"$(SFML_AUDIO)",
					"$(SFML_NETWORK)",
				);
				SFML_AUDIO = "$(SFML_LINK_PREFIX) sfml-audio$(SFML_LINK_SUFFIX)";
				SFML_BINARY_TYPE = FRAMEWORKS;
				SFML_GRAPHICS = "$(SFML_LINK_PREFIX) sfml-graphics$(SFML_LINK_SUFFIX)";
				SFML_LINK_DYLIBS_PREFIX = "-l";
				SFML_LINK_DYLIBS_SUFFIX = "";
				SFML_LINK_FRAMEWORKS_PREFIX = "-framework";
				SFML_LINK_FRAMEWORKS_SUFFIX = "";
				SFML_LINK_PREFIX = "$(SFML_LINK_$(SFML_BINARY_TYPE)_PREFIX)";
				SFML_LINK_SUFFIX = "$(SFML_LINK_$(SFML_BINARY_TYPE)_SUFFIX)";
				SFML_NETWORK = "";
				SFML_SYSTEM = "$(SFML_LINK_PREFIX) sfml-system$(SFML_LINK_SUFFIX)";
				SFML_WINDOW = "$(SFML_LINK_PREFIX) sfml-window$(SFML_LINK_SUFFIX)";
				SUPPORTED_PLATFORMS = macosx;
			};
			name = Release;
		};
		1054A1171A908304000FB7D6 /* Debug */ = {
			isa = XCBuildConfiguration;
			buildSettings = {
				PRODUCT_NAME = "$(TARGET_NAME)";
			};
			name = Debug;
		};
		1054A1181A908304000FB7D6 /* Release */ = {
			isa = XCBuildConfiguration;
			buildSettings = {
				PRODUCT_NAME = "$(TARGET_NAME)";
			};
			name = Release;
		};
/* End XCBuildConfiguration section */

/* Begin XCConfigurationList section */
		1054A1061A908304000FB7D6 /* Build configuration list for PBXProject "xcodeproject" */ = {
			isa = XCConfigurationList;
			buildConfigurations = (
				1054A1141A908304000FB7D6 /* Debug */,
				1054A1151A908304000FB7D6 /* Release */,
			);
			defaultConfigurationIsVisible = 0;
			defaultConfigurationName = Release;
		};
		1054A1161A908304000FB7D6 /* Build configuration list for PBXNativeTarget "xcodeproject" */ = {
			isa = XCConfigurationList;
			buildConfigurations = (
				1054A1171A908304000FB7D6 /* Debug */,
				1054A1181A908304000FB7D6 /* Release */,
			);
			defaultConfigurationIsVisible = 0;
		};
/* End XCConfigurationList section */
	};
	rootObject = 1054A1031A908304000FB7D6 /* Project object */;
}
